
Microsoft Visual Studio Solution File, Format Version 12.00
# Visual Studio Version 17
VisualStudioVersion = 17.0.32112.339
MinimumVisualStudioVersion = 10.0.40219.1
Project("{FAE04EC0-301F-11D3-BF4B-00C04F79EFBC}") = "New System", "New System\New System.csproj", "{7B8202A3-300E-420D-BA58-FC259027D979}"
EndProject
Global
	GlobalSection(SolutionConfigurationPlatforms) = preSolution
		Debug|Any CPU = Debug|Any CPU
		Release|Any CPU = Release|Any CPU
	EndGlobalSection
	GlobalSection(ProjectConfigurationPlatforms) = postSolution
		{7B8202A3-300E-420D-BA58-FC259027D979}.Debug|Any CPU.ActiveCfg = Debug|Any CPU
		{7B8202A3-300E-420D-BA58-FC259027D979}.Debug|Any CPU.Build.0 = Debug|Any CPU
		{7B8202A3-300E-420D-BA58-FC259027D979}.Release|Any CPU.ActiveCfg = Release|Any CPU
		{7B8202A3-300E-420D-BA58-FC259027D979}.Release|Any CPU.Build.0 = Release|Any CPU
	EndGlobalSection
	GlobalSection(SolutionProperties) = preSolution
		HideSolutionNode = FALSE
	EndGlobalSection
	GlobalSection(ExtensibilityGlobals) = postSolution
		SolutionGuid = {4B443E17-75CA-479A-AF8D-88DA72C0B29E}
	EndGlobalSection
EndGlobal
